{
  "name": "nebbix-js-sdk",
  "version": "1.0.2",
  "lockfileVersion": 2,
  "requires": true,
  "packages": {
    "": {
      "name": "nebbix-js-sdk",
      "version": "1.0.2",
      "license": "ISC",
      "dependencies": {
        "nebbix-js-sdk": "^1.0.2"
      }
    },
    "node_modules/nebbix-js-sdk": {
      "version": "1.0.2",
      "resolved": "https://registry.npmjs.org/nebbix-js-sdk/-/nebbix-js-sdk-1.0.2.tgz",
      "integrity": "sha512-y88ubqxDHwuseGJ4IHk9aFI3DG9ki+cvr5mXiXLuJUcZlWAVwnnb7ohLj4K5nIVGnblHgWIYoW8RWdY4ki9kIQ==",
      "dependencies": {
        "nebbix-js-sdk": "^1.0.1"
      }
    }
  },
  "dependencies": {
    "nebbix-js-sdk": {
      "version": "1.0.2",
      "resolved": "https://registry.npmjs.org/nebbix-js-sdk/-/nebbix-js-sdk-1.0.2.tgz",
      "integrity": "sha512-y88ubqxDHwuseGJ4IHk9aFI3DG9ki+cvr5mXiXLuJUcZlWAVwnnb7ohLj4K5nIVGnblHgWIYoW8RWdY4ki9kIQ==",
      "requires": {
        "nebbix-js-sdk": "^1.0.1"
      }
    }
  }
}
