{
  "name": "nebbix-js-sdk",
  "version": "1.0.1",
  "lockfileVersion": 2,
  "requires": true,
  "packages": {
    "": {
      "name": "nebbix-js-sdk",
      "version": "1.0.1",
      "license": "ISC",
      "dependencies": {
        "nebbix-js-sdk": "^1.0.1"
      }
    },
    "node_modules/nebbix-js-sdk": {
      "version": "1.0.1",
      "resolved": "https://registry.npmjs.org/nebbix-js-sdk/-/nebbix-js-sdk-1.0.1.tgz",
      "integrity": "sha512-mMHKZpbsEyzWDirVzjmZz7nb0eJ0vs7FTMM9TCaXCDEmK+LNuzr9D2VePwaDPyqfS3dJ7m1b5XrkajjWPrm92w=="
    }
  },
  "dependencies": {
    "nebbix-js-sdk": {
      "version": "1.0.1",
      "resolved": "https://registry.npmjs.org/nebbix-js-sdk/-/nebbix-js-sdk-1.0.1.tgz",
      "integrity": "sha512-mMHKZpbsEyzWDirVzjmZz7nb0eJ0vs7FTMM9TCaXCDEmK+LNuzr9D2VePwaDPyqfS3dJ7m1b5XrkajjWPrm92w=="
    }
  }
}
